
Microsoft Visual Studio Solution File, Format Version 12.00
# Visual Studio Version 16
VisualStudioVersion = 16.0.29009.5
MinimumVisualStudioVersion = 10.0.40219.1
Project("{FAE04EC0-301F-11D3-BF4B-00C04F79EFBC}") = "Exercise1", "Exercise1\Exercise1.csproj", "{F8DE5E0F-2B8E-4740-90A7-7AF904B3FBD2}"
EndProject
Project("{FAE04EC0-301F-11D3-BF4B-00C04F79EFBC}") = "Exercise2", "Exercise2\Exercise2.csproj", "{990A7482-573D-4A0D-B51C-3DF2B2196A8A}"
EndProject
Project("{FAE04EC0-301F-11D3-BF4B-00C04F79EFBC}") = "Exercise4", "Exercise4\Exercise4.csproj", "{CCA47F71-40AE-4B2C-98E1-A4433D04FE7A}"
EndProject
Project("{9A19103F-16F7-4668-BE54-9A1E7A4F7556}") = "Exercise3", "Exercise3\Exercise3.csproj", "{50E579EF-018F-4CBE-896C-A8137F3FB1CD}"
EndProject
Project("{9A19103F-16F7-4668-BE54-9A1E7A4F7556}") = "Exercise5", "Exercise5\Exercise5.csproj", "{BFA9750A-2EFA-4A5E-9152-E1496287EB21}"
EndProject
Project("{9A19103F-16F7-4668-BE54-9A1E7A4F7556}") = "Exercise6", "Exercise6\Exercise6.csproj", "{833B1BDE-BC66-4EB4-B30E-41ED3C8DCEE0}"
EndProject
Project("{9A19103F-16F7-4668-BE54-9A1E7A4F7556}") = "Exercise7", "Exercise7\Exercise7.csproj", "{71E1A6C0-03D4-4B58-B573-E52E10261829}"
EndProject
Project("{FAE04EC0-301F-11D3-BF4B-00C04F79EFBC}") = "Exercise8", "Exercise8\Exercise8.csproj", "{5DB7C376-47E1-4AE0-AC2B-2E2084824DDB}"
EndProject
Project("{FAE04EC0-301F-11D3-BF4B-00C04F79EFBC}") = "Exercise9", "Exercise9\Exercise9.csproj", "{DD034F52-B32F-4C79-885E-D5CD1A7E2510}"
EndProject
Global
	GlobalSection(SolutionConfigurationPlatforms) = preSolution
		Debug|Any CPU = Debug|Any CPU
		Release|Any CPU = Release|Any CPU
	EndGlobalSection
	GlobalSection(ProjectConfigurationPlatforms) = postSolution
		{F8DE5E0F-2B8E-4740-90A7-7AF904B3FBD2}.Debug|Any CPU.ActiveCfg = Debug|Any CPU
		{F8DE5E0F-2B8E-4740-90A7-7AF904B3FBD2}.Debug|Any CPU.Build.0 = Debug|Any CPU
		{F8DE5E0F-2B8E-4740-90A7-7AF904B3FBD2}.Release|Any CPU.ActiveCfg = Release|Any CPU
		{F8DE5E0F-2B8E-4740-90A7-7AF904B3FBD2}.Release|Any CPU.Build.0 = Release|Any CPU
		{990A7482-573D-4A0D-B51C-3DF2B2196A8A}.Debug|Any CPU.ActiveCfg = Debug|Any CPU
		{990A7482-573D-4A0D-B51C-3DF2B2196A8A}.Debug|Any CPU.Build.0 = Debug|Any CPU
		{990A7482-573D-4A0D-B51C-3DF2B2196A8A}.Release|Any CPU.ActiveCfg = Release|Any CPU
		{990A7482-573D-4A0D-B51C-3DF2B2196A8A}.Release|Any CPU.Build.0 = Release|Any CPU
		{CCA47F71-40AE-4B2C-98E1-A4433D04FE7A}.Debug|Any CPU.ActiveCfg = Debug|Any CPU
		{CCA47F71-40AE-4B2C-98E1-A4433D04FE7A}.Debug|Any CPU.Build.0 = Debug|Any CPU
		{CCA47F71-40AE-4B2C-98E1-A4433D04FE7A}.Release|Any CPU.ActiveCfg = Release|Any CPU
		{CCA47F71-40AE-4B2C-98E1-A4433D04FE7A}.Release|Any CPU.Build.0 = Release|Any CPU
		{50E579EF-018F-4CBE-896C-A8137F3FB1CD}.Debug|Any CPU.ActiveCfg = Debug|Any CPU
		{50E579EF-018F-4CBE-896C-A8137F3FB1CD}.Debug|Any CPU.Build.0 = Debug|Any CPU
		{50E579EF-018F-4CBE-896C-A8137F3FB1CD}.Release|Any CPU.ActiveCfg = Release|Any CPU
		{50E579EF-018F-4CBE-896C-A8137F3FB1CD}.Release|Any CPU.Build.0 = Release|Any CPU
		{BFA9750A-2EFA-4A5E-9152-E1496287EB21}.Debug|Any CPU.ActiveCfg = Debug|Any CPU
		{BFA9750A-2EFA-4A5E-9152-E1496287EB21}.Debug|Any CPU.Build.0 = Debug|Any CPU
		{BFA9750A-2EFA-4A5E-9152-E1496287EB21}.Release|Any CPU.ActiveCfg = Release|Any CPU
		{BFA9750A-2EFA-4A5E-9152-E1496287EB21}.Release|Any CPU.Build.0 = Release|Any CPU
		{833B1BDE-BC66-4EB4-B30E-41ED3C8DCEE0}.Debug|Any CPU.ActiveCfg = Debug|Any CPU
		{833B1BDE-BC66-4EB4-B30E-41ED3C8DCEE0}.Debug|Any CPU.Build.0 = Debug|Any CPU
		{833B1BDE-BC66-4EB4-B30E-41ED3C8DCEE0}.Release|Any CPU.ActiveCfg = Release|Any CPU
		{833B1BDE-BC66-4EB4-B30E-41ED3C8DCEE0}.Release|Any CPU.Build.0 = Release|Any CPU
		{71E1A6C0-03D4-4B58-B573-E52E10261829}.Debug|Any CPU.ActiveCfg = Debug|Any CPU
		{71E1A6C0-03D4-4B58-B573-E52E10261829}.Debug|Any CPU.Build.0 = Debug|Any CPU
		{71E1A6C0-03D4-4B58-B573-E52E10261829}.Release|Any CPU.ActiveCfg = Release|Any CPU
		{71E1A6C0-03D4-4B58-B573-E52E10261829}.Release|Any CPU.Build.0 = Release|Any CPU
		{5DB7C376-47E1-4AE0-AC2B-2E2084824DDB}.Debug|Any CPU.ActiveCfg = Debug|Any CPU
		{5DB7C376-47E1-4AE0-AC2B-2E2084824DDB}.Debug|Any CPU.Build.0 = Debug|Any CPU
		{5DB7C376-47E1-4AE0-AC2B-2E2084824DDB}.Release|Any CPU.ActiveCfg = Release|Any CPU
		{5DB7C376-47E1-4AE0-AC2B-2E2084824DDB}.Release|Any CPU.Build.0 = Release|Any CPU
		{DD034F52-B32F-4C79-885E-D5CD1A7E2510}.Debug|Any CPU.ActiveCfg = Debug|Any CPU
		{DD034F52-B32F-4C79-885E-D5CD1A7E2510}.Debug|Any CPU.Build.0 = Debug|Any CPU
		{DD034F52-B32F-4C79-885E-D5CD1A7E2510}.Release|Any CPU.ActiveCfg = Release|Any CPU
		{DD034F52-B32F-4C79-885E-D5CD1A7E2510}.Release|Any CPU.Build.0 = Release|Any CPU
	EndGlobalSection
	GlobalSection(SolutionProperties) = preSolution
		HideSolutionNode = FALSE
	EndGlobalSection
	GlobalSection(ExtensibilityGlobals) = postSolution
		SolutionGuid = {9E2B805A-E209-4714-AE87-3C7317951F1D}
	EndGlobalSection
EndGlobal
